
Microsoft Visual Studio Solution File, Format Version 12.00
# Visual Studio Version 17
VisualStudioVersion = 17.9.34723.18
MinimumVisualStudioVersion = 10.0.40219.1
Project("{2150E333-8FDC-42A3-9474-1A3956D46DE8}") = "Connections", "Connections", "{E256E368-B44F-4295-A7C9-E0DCDAC6AECB}"
EndProject
Project("{2150E333-8FDC-42A3-9474-1A3956D46DE8}") = "Scripts", "Scripts", "{2C61CE2E-6542-45F4-A4D6-B312C38EE71A}"
EndProject
Project("{2150E333-8FDC-42A3-9474-1A3956D46DE8}") = "XML", "XML", "{1F8AB0DF-CB6D-455F-904B-A2B636A0CA1E}"
	ProjectSection(SolutionItems) = preProject
		UniversalBoardTestConfig.xml = UniversalBoardTestConfig.xml
	EndProjectSection
EndProject
Project("{2150E333-8FDC-42A3-9474-1A3956D46DE8}") = "UBTAGenerateInstaller", "UBTAGenerateInstaller", "{50306123-E9AE-47D6-8A72-8FFD1742F90B}"
EndProject
Project("{9A19103F-16F7-4668-BE54-9A1E7A4F7556}") = "UBTAGenerateInstaller", "UBTAGenerateInstaller\UBTAGenerateInstaller.csproj", "{F81BB107-8C8F-4348-A1A9-C4BA8DA73689}"
EndProject
Project("{B7DD6F7E-DEF8-4E67-B5B7-07EF123DB6F0}") = "UBTAInstaller", "UBTAInstaller\UBTAInstaller.wixproj", "{E33C9823-4A78-488B-A33C-537488E87E27}"
EndProject
Project("{FAE04EC0-301F-11D3-BF4B-00C04F79EFBC}") = "ConnectionTester", "Connections\ConnectionTester\ConnectionTester.csproj", "{3CDF9455-222C-4E96-A165-5388A4C4493F}"
EndProject
Project("{FAE04EC0-301F-11D3-BF4B-00C04F79EFBC}") = "HardwareParameterHandler", "Connections\HardwareParameterHandler\HardwareParameterHandler.csproj", "{61F39C03-BCAF-40BC-A542-F4298A584A52}"
EndProject
Project("{FAE04EC0-301F-11D3-BF4B-00C04F79EFBC}") = "ServiceLevelTest", "Scripts\ServiceLevelTest\ServiceLevelTest.csproj", "{9F76E332-27DC-475D-83B0-AA969E6104D0}"
EndProject
Project("{FAE04EC0-301F-11D3-BF4B-00C04F79EFBC}") = "DigitalIOTest", "Scripts\DigitalIOTest\DigitalIOTest.csproj", "{BFE4B6DC-3DFE-4D7B-ACDC-BABB0F62E376}"
EndProject
Project("{FAE04EC0-301F-11D3-BF4B-00C04F79EFBC}") = "USBHubTest", "Scripts\USBHubTest\USBHubTest.csproj", "{CAECC865-0D42-425A-9951-167AB9C3B401}"
EndProject
Project("{FAE04EC0-301F-11D3-BF4B-00C04F79EFBC}") = "CANTest", "Scripts\CANTest\CANTest.csproj", "{18D56A87-9DA8-49E2-B713-BCF0F054687D}"
EndProject
Project("{FAE04EC0-301F-11D3-BF4B-00C04F79EFBC}") = "BackupMemoryTest", "Scripts\BackupMemoryTest\BackupMemoryTest.csproj", "{90898C18-4BAE-4031-B092-02F7DF351F44}"
EndProject
Project("{FAE04EC0-301F-11D3-BF4B-00C04F79EFBC}") = "LEDBarTest", "Scripts\LEDBarTest\LEDBarTest.csproj", "{7A603FEE-874A-4BBC-91B9-ED05344C9C53}"
EndProject
Project("{FAE04EC0-301F-11D3-BF4B-00C04F79EFBC}") = "FANTest", "Scripts\FANTest\FANTest.csproj", "{69C9E0A3-2657-4F0E-80B1-01B84F0A51B6}"
EndProject
Project("{FAE04EC0-301F-11D3-BF4B-00C04F79EFBC}") = "LeakSensorTest", "Scripts\LeakSensorTest\LeakSensorTest.csproj", "{F58CFD70-9BF2-4567-A789-1966BBEE40C5}"
EndProject
Project("{FAE04EC0-301F-11D3-BF4B-00C04F79EFBC}") = "ComputeModuleTest", "Scripts\ComputeModuleTest\ComputeModuleTest.csproj", "{9EB3C5F0-9F68-4AA9-83E2-00D5A68A960E}"
EndProject
Project("{FAE04EC0-301F-11D3-BF4B-00C04F79EFBC}") = "DegasserTest", "Scripts\DegasserTest\DegasserTest.csproj", "{650D6F23-62E2-4B4E-8D70-FDCC2E6CA508}"
EndProject
Global
	GlobalSection(SolutionConfigurationPlatforms) = preSolution
		Debug|Any CPU = Debug|Any CPU
		Debug|ARM = Debug|ARM
		Debug|ARM64 = Debug|ARM64
		Debug|x64 = Debug|x64
		Debug|x86 = Debug|x86
		Release|Any CPU = Release|Any CPU
		Release|ARM = Release|ARM
		Release|ARM64 = Release|ARM64
		Release|x64 = Release|x64
		Release|x86 = Release|x86
	EndGlobalSection
	GlobalSection(ProjectConfigurationPlatforms) = postSolution
		{F81BB107-8C8F-4348-A1A9-C4BA8DA73689}.Debug|Any CPU.ActiveCfg = Debug|Any CPU
		{F81BB107-8C8F-4348-A1A9-C4BA8DA73689}.Debug|Any CPU.Build.0 = Debug|Any CPU
		{F81BB107-8C8F-4348-A1A9-C4BA8DA73689}.Debug|ARM.ActiveCfg = Debug|Any CPU
		{F81BB107-8C8F-4348-A1A9-C4BA8DA73689}.Debug|ARM.Build.0 = Debug|Any CPU
		{F81BB107-8C8F-4348-A1A9-C4BA8DA73689}.Debug|ARM64.ActiveCfg = Debug|Any CPU
		{F81BB107-8C8F-4348-A1A9-C4BA8DA73689}.Debug|ARM64.Build.0 = Debug|Any CPU
		{F81BB107-8C8F-4348-A1A9-C4BA8DA73689}.Debug|x64.ActiveCfg = Debug|Any CPU
		{F81BB107-8C8F-4348-A1A9-C4BA8DA73689}.Debug|x64.Build.0 = Debug|Any CPU
		{F81BB107-8C8F-4348-A1A9-C4BA8DA73689}.Debug|x86.ActiveCfg = Debug|Any CPU
		{F81BB107-8C8F-4348-A1A9-C4BA8DA73689}.Debug|x86.Build.0 = Debug|Any CPU
		{F81BB107-8C8F-4348-A1A9-C4BA8DA73689}.Release|Any CPU.ActiveCfg = Release|Any CPU
		{F81BB107-8C8F-4348-A1A9-C4BA8DA73689}.Release|Any CPU.Build.0 = Release|Any CPU
		{F81BB107-8C8F-4348-A1A9-C4BA8DA73689}.Release|ARM.ActiveCfg = Release|Any CPU
		{F81BB107-8C8F-4348-A1A9-C4BA8DA73689}.Release|ARM.Build.0 = Release|Any CPU
		{F81BB107-8C8F-4348-A1A9-C4BA8DA73689}.Release|ARM64.ActiveCfg = Release|Any CPU
		{F81BB107-8C8F-4348-A1A9-C4BA8DA73689}.Release|ARM64.Build.0 = Release|Any CPU
		{F81BB107-8C8F-4348-A1A9-C4BA8DA73689}.Release|x64.ActiveCfg = Release|Any CPU
		{F81BB107-8C8F-4348-A1A9-C4BA8DA73689}.Release|x64.Build.0 = Release|Any CPU
		{F81BB107-8C8F-4348-A1A9-C4BA8DA73689}.Release|x86.ActiveCfg = Release|Any CPU
		{F81BB107-8C8F-4348-A1A9-C4BA8DA73689}.Release|x86.Build.0 = Release|Any CPU
		{E33C9823-4A78-488B-A33C-537488E87E27}.Debug|Any CPU.ActiveCfg = Debug|x64
		{E33C9823-4A78-488B-A33C-537488E87E27}.Debug|Any CPU.Build.0 = Debug|x64
		{E33C9823-4A78-488B-A33C-537488E87E27}.Debug|ARM.ActiveCfg = Debug|x64
		{E33C9823-4A78-488B-A33C-537488E87E27}.Debug|ARM.Build.0 = Debug|x64
		{E33C9823-4A78-488B-A33C-537488E87E27}.Debug|ARM64.ActiveCfg = Debug|ARM64
		{E33C9823-4A78-488B-A33C-537488E87E27}.Debug|ARM64.Build.0 = Debug|ARM64
		{E33C9823-4A78-488B-A33C-537488E87E27}.Debug|x64.ActiveCfg = Debug|x64
		{E33C9823-4A78-488B-A33C-537488E87E27}.Debug|x64.Build.0 = Debug|x64
		{E33C9823-4A78-488B-A33C-537488E87E27}.Debug|x86.ActiveCfg = Debug|x86
		{E33C9823-4A78-488B-A33C-537488E87E27}.Debug|x86.Build.0 = Debug|x86
		{E33C9823-4A78-488B-A33C-537488E87E27}.Release|Any CPU.ActiveCfg = Release|x64
		{E33C9823-4A78-488B-A33C-537488E87E27}.Release|Any CPU.Build.0 = Release|x64
		{E33C9823-4A78-488B-A33C-537488E87E27}.Release|ARM.ActiveCfg = Release|x64
		{E33C9823-4A78-488B-A33C-537488E87E27}.Release|ARM.Build.0 = Release|x64
		{E33C9823-4A78-488B-A33C-537488E87E27}.Release|ARM64.ActiveCfg = Release|ARM64
		{E33C9823-4A78-488B-A33C-537488E87E27}.Release|ARM64.Build.0 = Release|ARM64
		{E33C9823-4A78-488B-A33C-537488E87E27}.Release|x64.ActiveCfg = Release|x64
		{E33C9823-4A78-488B-A33C-537488E87E27}.Release|x64.Build.0 = Release|x64
		{E33C9823-4A78-488B-A33C-537488E87E27}.Release|x86.ActiveCfg = Release|x86
		{E33C9823-4A78-488B-A33C-537488E87E27}.Release|x86.Build.0 = Release|x86
		{3CDF9455-222C-4E96-A165-5388A4C4493F}.Debug|Any CPU.ActiveCfg = Debug|Any CPU
		{3CDF9455-222C-4E96-A165-5388A4C4493F}.Debug|Any CPU.Build.0 = Debug|Any CPU
		{3CDF9455-222C-4E96-A165-5388A4C4493F}.Debug|ARM.ActiveCfg = Debug|Any CPU
		{3CDF9455-222C-4E96-A165-5388A4C4493F}.Debug|ARM.Build.0 = Debug|Any CPU
		{3CDF9455-222C-4E96-A165-5388A4C4493F}.Debug|ARM64.ActiveCfg = Debug|Any CPU
		{3CDF9455-222C-4E96-A165-5388A4C4493F}.Debug|ARM64.Build.0 = Debug|Any CPU
		{3CDF9455-222C-4E96-A165-5388A4C4493F}.Debug|x64.ActiveCfg = Debug|Any CPU
		{3CDF9455-222C-4E96-A165-5388A4C4493F}.Debug|x64.Build.0 = Debug|Any CPU
		{3CDF9455-222C-4E96-A165-5388A4C4493F}.Debug|x86.ActiveCfg = Debug|Any CPU
		{3CDF9455-222C-4E96-A165-5388A4C4493F}.Debug|x86.Build.0 = Debug|Any CPU
		{3CDF9455-222C-4E96-A165-5388A4C4493F}.Release|Any CPU.ActiveCfg = Release|Any CPU
		{3CDF9455-222C-4E96-A165-5388A4C4493F}.Release|Any CPU.Build.0 = Release|Any CPU
		{3CDF9455-222C-4E96-A165-5388A4C4493F}.Release|ARM.ActiveCfg = Release|Any CPU
		{3CDF9455-222C-4E96-A165-5388A4C4493F}.Release|ARM.Build.0 = Release|Any CPU
		{3CDF9455-222C-4E96-A165-5388A4C4493F}.Release|ARM64.ActiveCfg = Release|Any CPU
		{3CDF9455-222C-4E96-A165-5388A4C4493F}.Release|ARM64.Build.0 = Release|Any CPU
		{3CDF9455-222C-4E96-A165-5388A4C4493F}.Release|x64.ActiveCfg = Release|Any CPU
		{3CDF9455-222C-4E96-A165-5388A4C4493F}.Release|x64.Build.0 = Release|Any CPU
		{3CDF9455-222C-4E96-A165-5388A4C4493F}.Release|x86.ActiveCfg = Release|Any CPU
		{3CDF9455-222C-4E96-A165-5388A4C4493F}.Release|x86.Build.0 = Release|Any CPU
		{61F39C03-BCAF-40BC-A542-F4298A584A52}.Debug|Any CPU.ActiveCfg = Debug|Any CPU
		{61F39C03-BCAF-40BC-A542-F4298A584A52}.Debug|Any CPU.Build.0 = Debug|Any CPU
		{61F39C03-BCAF-40BC-A542-F4298A584A52}.Debug|ARM.ActiveCfg = Debug|Any CPU
		{61F39C03-BCAF-40BC-A542-F4298A584A52}.Debug|ARM.Build.0 = Debug|Any CPU
		{61F39C03-BCAF-40BC-A542-F4298A584A52}.Debug|ARM64.ActiveCfg = Debug|Any CPU
		{61F39C03-BCAF-40BC-A542-F4298A584A52}.Debug|ARM64.Build.0 = Debug|Any CPU
		{61F39C03-BCAF-40BC-A542-F4298A584A52}.Debug|x64.ActiveCfg = Debug|Any CPU
		{61F39C03-BCAF-40BC-A542-F4298A584A52}.Debug|x64.Build.0 = Debug|Any CPU
		{61F39C03-BCAF-40BC-A542-F4298A584A52}.Debug|x86.ActiveCfg = Debug|Any CPU
		{61F39C03-BCAF-40BC-A542-F4298A584A52}.Debug|x86.Build.0 = Debug|Any CPU
		{61F39C03-BCAF-40BC-A542-F4298A584A52}.Release|Any CPU.ActiveCfg = Release|Any CPU
		{61F39C03-BCAF-40BC-A542-F4298A584A52}.Release|Any CPU.Build.0 = Release|Any CPU
		{61F39C03-BCAF-40BC-A542-F4298A584A52}.Release|ARM.ActiveCfg = Release|Any CPU
		{61F39C03-BCAF-40BC-A542-F4298A584A52}.Release|ARM.Build.0 = Release|Any CPU
		{61F39C03-BCAF-40BC-A542-F4298A584A52}.Release|ARM64.ActiveCfg = Release|Any CPU
		{61F39C03-BCAF-40BC-A542-F4298A584A52}.Release|ARM64.Build.0 = Release|Any CPU
		{61F39C03-BCAF-40BC-A542-F4298A584A52}.Release|x64.ActiveCfg = Release|Any CPU
		{61F39C03-BCAF-40BC-A542-F4298A584A52}.Release|x64.Build.0 = Release|Any CPU
		{61F39C03-BCAF-40BC-A542-F4298A584A52}.Release|x86.ActiveCfg = Release|Any CPU
		{61F39C03-BCAF-40BC-A542-F4298A584A52}.Release|x86.Build.0 = Release|Any CPU
		{9F76E332-27DC-475D-83B0-AA969E6104D0}.Debug|Any CPU.ActiveCfg = Debug|Any CPU
		{9F76E332-27DC-475D-83B0-AA969E6104D0}.Debug|Any CPU.Build.0 = Debug|Any CPU
		{9F76E332-27DC-475D-83B0-AA969E6104D0}.Debug|ARM.ActiveCfg = Debug|Any CPU
		{9F76E332-27DC-475D-83B0-AA969E6104D0}.Debug|ARM.Build.0 = Debug|Any CPU
		{9F76E332-27DC-475D-83B0-AA969E6104D0}.Debug|ARM64.ActiveCfg = Debug|Any CPU
		{9F76E332-27DC-475D-83B0-AA969E6104D0}.Debug|ARM64.Build.0 = Debug|Any CPU
		{9F76E332-27DC-475D-83B0-AA969E6104D0}.Debug|x64.ActiveCfg = Debug|Any CPU
		{9F76E332-27DC-475D-83B0-AA969E6104D0}.Debug|x64.Build.0 = Debug|Any CPU
		{9F76E332-27DC-475D-83B0-AA969E6104D0}.Debug|x86.ActiveCfg = Debug|Any CPU
		{9F76E332-27DC-475D-83B0-AA969E6104D0}.Debug|x86.Build.0 = Debug|Any CPU
		{9F76E332-27DC-475D-83B0-AA969E6104D0}.Release|Any CPU.ActiveCfg = Release|Any CPU
		{9F76E332-27DC-475D-83B0-AA969E6104D0}.Release|Any CPU.Build.0 = Release|Any CPU
		{9F76E332-27DC-475D-83B0-AA969E6104D0}.Release|ARM.ActiveCfg = Release|Any CPU
		{9F76E332-27DC-475D-83B0-AA969E6104D0}.Release|ARM.Build.0 = Release|Any CPU
		{9F76E332-27DC-475D-83B0-AA969E6104D0}.Release|ARM64.ActiveCfg = Release|Any CPU
		{9F76E332-27DC-475D-83B0-AA969E6104D0}.Release|ARM64.Build.0 = Release|Any CPU
		{9F76E332-27DC-475D-83B0-AA969E6104D0}.Release|x64.ActiveCfg = Release|Any CPU
		{9F76E332-27DC-475D-83B0-AA969E6104D0}.Release|x64.Build.0 = Release|Any CPU
		{9F76E332-27DC-475D-83B0-AA969E6104D0}.Release|x86.ActiveCfg = Release|Any CPU
		{9F76E332-27DC-475D-83B0-AA969E6104D0}.Release|x86.Build.0 = Release|Any CPU
		{BFE4B6DC-3DFE-4D7B-ACDC-BABB0F62E376}.Debug|Any CPU.ActiveCfg = Debug|Any CPU
		{BFE4B6DC-3DFE-4D7B-ACDC-BABB0F62E376}.Debug|Any CPU.Build.0 = Debug|Any CPU
		{BFE4B6DC-3DFE-4D7B-ACDC-BABB0F62E376}.Debug|ARM.ActiveCfg = Debug|Any CPU
		{BFE4B6DC-3DFE-4D7B-ACDC-BABB0F62E376}.Debug|ARM.Build.0 = Debug|Any CPU
		{BFE4B6DC-3DFE-4D7B-ACDC-BABB0F62E376}.Debug|ARM64.ActiveCfg = Debug|Any CPU
		{BFE4B6DC-3DFE-4D7B-ACDC-BABB0F62E376}.Debug|ARM64.Build.0 = Debug|Any CPU
		{BFE4B6DC-3DFE-4D7B-ACDC-BABB0F62E376}.Debug|x64.ActiveCfg = Debug|Any CPU
		{BFE4B6DC-3DFE-4D7B-ACDC-BABB0F62E376}.Debug|x64.Build.0 = Debug|Any CPU
		{BFE4B6DC-3DFE-4D7B-ACDC-BABB0F62E376}.Debug|x86.ActiveCfg = Debug|Any CPU
		{BFE4B6DC-3DFE-4D7B-ACDC-BABB0F62E376}.Debug|x86.Build.0 = Debug|Any CPU
		{BFE4B6DC-3DFE-4D7B-ACDC-BABB0F62E376}.Release|Any CPU.ActiveCfg = Release|Any CPU
		{BFE4B6DC-3DFE-4D7B-ACDC-BABB0F62E376}.Release|Any CPU.Build.0 = Release|Any CPU
		{BFE4B6DC-3DFE-4D7B-ACDC-BABB0F62E376}.Release|ARM.ActiveCfg = Release|Any CPU
		{BFE4B6DC-3DFE-4D7B-ACDC-BABB0F62E376}.Release|ARM.Build.0 = Release|Any CPU
		{BFE4B6DC-3DFE-4D7B-ACDC-BABB0F62E376}.Release|ARM64.ActiveCfg = Release|Any CPU
		{BFE4B6DC-3DFE-4D7B-ACDC-BABB0F62E376}.Release|ARM64.Build.0 = Release|Any CPU
		{BFE4B6DC-3DFE-4D7B-ACDC-BABB0F62E376}.Release|x64.ActiveCfg = Release|Any CPU
		{BFE4B6DC-3DFE-4D7B-ACDC-BABB0F62E376}.Release|x64.Build.0 = Release|Any CPU
		{BFE4B6DC-3DFE-4D7B-ACDC-BABB0F62E376}.Release|x86.ActiveCfg = Release|Any CPU
		{BFE4B6DC-3DFE-4D7B-ACDC-BABB0F62E376}.Release|x86.Build.0 = Release|Any CPU
		{CAECC865-0D42-425A-9951-167AB9C3B401}.Debug|Any CPU.ActiveCfg = Debug|Any CPU
		{CAECC865-0D42-425A-9951-167AB9C3B401}.Debug|Any CPU.Build.0 = Debug|Any CPU
		{CAECC865-0D42-425A-9951-167AB9C3B401}.Debug|ARM.ActiveCfg = Debug|Any CPU
		{CAECC865-0D42-425A-9951-167AB9C3B401}.Debug|ARM.Build.0 = Debug|Any CPU
		{CAECC865-0D42-425A-9951-167AB9C3B401}.Debug|ARM64.ActiveCfg = Debug|Any CPU
		{CAECC865-0D42-425A-9951-167AB9C3B401}.Debug|ARM64.Build.0 = Debug|Any CPU
		{CAECC865-0D42-425A-9951-167AB9C3B401}.Debug|x64.ActiveCfg = Debug|Any CPU
		{CAECC865-0D42-425A-9951-167AB9C3B401}.Debug|x64.Build.0 = Debug|Any CPU
		{CAECC865-0D42-425A-9951-167AB9C3B401}.Debug|x86.ActiveCfg = Debug|Any CPU
		{CAECC865-0D42-425A-9951-167AB9C3B401}.Debug|x86.Build.0 = Debug|Any CPU
		{CAECC865-0D42-425A-9951-167AB9C3B401}.Release|Any CPU.ActiveCfg = Release|Any CPU
		{CAECC865-0D42-425A-9951-167AB9C3B401}.Release|Any CPU.Build.0 = Release|Any CPU
		{CAECC865-0D42-425A-9951-167AB9C3B401}.Release|ARM.ActiveCfg = Release|Any CPU
		{CAECC865-0D42-425A-9951-167AB9C3B401}.Release|ARM.Build.0 = Release|Any CPU
		{CAECC865-0D42-425A-9951-167AB9C3B401}.Release|ARM64.ActiveCfg = Release|Any CPU
		{CAECC865-0D42-425A-9951-167AB9C3B401}.Release|ARM64.Build.0 = Release|Any CPU
		{CAECC865-0D42-425A-9951-167AB9C3B401}.Release|x64.ActiveCfg = Release|Any CPU
		{CAECC865-0D42-425A-9951-167AB9C3B401}.Release|x64.Build.0 = Release|Any CPU
		{CAECC865-0D42-425A-9951-167AB9C3B401}.Release|x86.ActiveCfg = Release|Any CPU
		{CAECC865-0D42-425A-9951-167AB9C3B401}.Release|x86.Build.0 = Release|Any CPU
		{18D56A87-9DA8-49E2-B713-BCF0F054687D}.Debug|Any CPU.ActiveCfg = Debug|Any CPU
		{18D56A87-9DA8-49E2-B713-BCF0F054687D}.Debug|Any CPU.Build.0 = Debug|Any CPU
		{18D56A87-9DA8-49E2-B713-BCF0F054687D}.Debug|ARM.ActiveCfg = Debug|Any CPU
		{18D56A87-9DA8-49E2-B713-BCF0F054687D}.Debug|ARM.Build.0 = Debug|Any CPU
		{18D56A87-9DA8-49E2-B713-BCF0F054687D}.Debug|ARM64.ActiveCfg = Debug|Any CPU
		{18D56A87-9DA8-49E2-B713-BCF0F054687D}.Debug|ARM64.Build.0 = Debug|Any CPU
		{18D56A87-9DA8-49E2-B713-BCF0F054687D}.Debug|x64.ActiveCfg = Debug|Any CPU
		{18D56A87-9DA8-49E2-B713-BCF0F054687D}.Debug|x64.Build.0 = Debug|Any CPU
		{18D56A87-9DA8-49E2-B713-BCF0F054687D}.Debug|x86.ActiveCfg = Debug|Any CPU
		{18D56A87-9DA8-49E2-B713-BCF0F054687D}.Debug|x86.Build.0 = Debug|Any CPU
		{18D56A87-9DA8-49E2-B713-BCF0F054687D}.Release|Any CPU.ActiveCfg = Release|Any CPU
		{18D56A87-9DA8-49E2-B713-BCF0F054687D}.Release|Any CPU.Build.0 = Release|Any CPU
		{18D56A87-9DA8-49E2-B713-BCF0F054687D}.Release|ARM.ActiveCfg = Release|Any CPU
		{18D56A87-9DA8-49E2-B713-BCF0F054687D}.Release|ARM.Build.0 = Release|Any CPU
		{18D56A87-9DA8-49E2-B713-BCF0F054687D}.Release|ARM64.ActiveCfg = Release|Any CPU
		{18D56A87-9DA8-49E2-B713-BCF0F054687D}.Release|ARM64.Build.0 = Release|Any CPU
		{18D56A87-9DA8-49E2-B713-BCF0F054687D}.Release|x64.ActiveCfg = Release|Any CPU
		{18D56A87-9DA8-49E2-B713-BCF0F054687D}.Release|x64.Build.0 = Release|Any CPU
		{18D56A87-9DA8-49E2-B713-BCF0F054687D}.Release|x86.ActiveCfg = Release|Any CPU
		{18D56A87-9DA8-49E2-B713-BCF0F054687D}.Release|x86.Build.0 = Release|Any CPU
		{90898C18-4BAE-4031-B092-02F7DF351F44}.Debug|Any CPU.ActiveCfg = Debug|Any CPU
		{90898C18-4BAE-4031-B092-02F7DF351F44}.Debug|Any CPU.Build.0 = Debug|Any CPU
		{90898C18-4BAE-4031-B092-02F7DF351F44}.Debug|ARM.ActiveCfg = Debug|Any CPU
		{90898C18-4BAE-4031-B092-02F7DF351F44}.Debug|ARM.Build.0 = Debug|Any CPU
		{90898C18-4BAE-4031-B092-02F7DF351F44}.Debug|ARM64.ActiveCfg = Debug|Any CPU
		{90898C18-4BAE-4031-B092-02F7DF351F44}.Debug|ARM64.Build.0 = Debug|Any CPU
		{90898C18-4BAE-4031-B092-02F7DF351F44}.Debug|x64.ActiveCfg = Debug|Any CPU
		{90898C18-4BAE-4031-B092-02F7DF351F44}.Debug|x64.Build.0 = Debug|Any CPU
		{90898C18-4BAE-4031-B092-02F7DF351F44}.Debug|x86.ActiveCfg = Debug|Any CPU
		{90898C18-4BAE-4031-B092-02F7DF351F44}.Debug|x86.Build.0 = Debug|Any CPU
		{90898C18-4BAE-4031-B092-02F7DF351F44}.Release|Any CPU.ActiveCfg = Release|Any CPU
		{90898C18-4BAE-4031-B092-02F7DF351F44}.Release|Any CPU.Build.0 = Release|Any CPU
		{90898C18-4BAE-4031-B092-02F7DF351F44}.Release|ARM.ActiveCfg = Release|Any CPU
		{90898C18-4BAE-4031-B092-02F7DF351F44}.Release|ARM.Build.0 = Release|Any CPU
		{90898C18-4BAE-4031-B092-02F7DF351F44}.Release|ARM64.ActiveCfg = Release|Any CPU
		{90898C18-4BAE-4031-B092-02F7DF351F44}.Release|ARM64.Build.0 = Release|Any CPU
		{90898C18-4BAE-4031-B092-02F7DF351F44}.Release|x64.ActiveCfg = Release|Any CPU
		{90898C18-4BAE-4031-B092-02F7DF351F44}.Release|x64.Build.0 = Release|Any CPU
		{90898C18-4BAE-4031-B092-02F7DF351F44}.Release|x86.ActiveCfg = Release|Any CPU
		{90898C18-4BAE-4031-B092-02F7DF351F44}.Release|x86.Build.0 = Release|Any CPU
		{7A603FEE-874A-4BBC-91B9-ED05344C9C53}.Debug|Any CPU.ActiveCfg = Debug|Any CPU
		{7A603FEE-874A-4BBC-91B9-ED05344C9C53}.Debug|Any CPU.Build.0 = Debug|Any CPU
		{7A603FEE-874A-4BBC-91B9-ED05344C9C53}.Debug|ARM.ActiveCfg = Debug|Any CPU
		{7A603FEE-874A-4BBC-91B9-ED05344C9C53}.Debug|ARM.Build.0 = Debug|Any CPU
		{7A603FEE-874A-4BBC-91B9-ED05344C9C53}.Debug|ARM64.ActiveCfg = Debug|Any CPU
		{7A603FEE-874A-4BBC-91B9-ED05344C9C53}.Debug|ARM64.Build.0 = Debug|Any CPU
		{7A603FEE-874A-4BBC-91B9-ED05344C9C53}.Debug|x64.ActiveCfg = Debug|Any CPU
		{7A603FEE-874A-4BBC-91B9-ED05344C9C53}.Debug|x64.Build.0 = Debug|Any CPU
		{7A603FEE-874A-4BBC-91B9-ED05344C9C53}.Debug|x86.ActiveCfg = Debug|Any CPU
		{7A603FEE-874A-4BBC-91B9-ED05344C9C53}.Debug|x86.Build.0 = Debug|Any CPU
		{7A603FEE-874A-4BBC-91B9-ED05344C9C53}.Release|Any CPU.ActiveCfg = Release|Any CPU
		{7A603FEE-874A-4BBC-91B9-ED05344C9C53}.Release|Any CPU.Build.0 = Release|Any CPU
		{7A603FEE-874A-4BBC-91B9-ED05344C9C53}.Release|ARM.ActiveCfg = Release|Any CPU
		{7A603FEE-874A-4BBC-91B9-ED05344C9C53}.Release|ARM.Build.0 = Release|Any CPU
		{7A603FEE-874A-4BBC-91B9-ED05344C9C53}.Release|ARM64.ActiveCfg = Release|Any CPU
		{7A603FEE-874A-4BBC-91B9-ED05344C9C53}.Release|ARM64.Build.0 = Release|Any CPU
		{7A603FEE-874A-4BBC-91B9-ED05344C9C53}.Release|x64.ActiveCfg = Release|Any CPU
		{7A603FEE-874A-4BBC-91B9-ED05344C9C53}.Release|x64.Build.0 = Release|Any CPU
		{7A603FEE-874A-4BBC-91B9-ED05344C9C53}.Release|x86.ActiveCfg = Release|Any CPU
		{7A603FEE-874A-4BBC-91B9-ED05344C9C53}.Release|x86.Build.0 = Release|Any CPU
		{69C9E0A3-2657-4F0E-80B1-01B84F0A51B6}.Debug|Any CPU.ActiveCfg = Debug|Any CPU
		{69C9E0A3-2657-4F0E-80B1-01B84F0A51B6}.Debug|Any CPU.Build.0 = Debug|Any CPU
		{69C9E0A3-2657-4F0E-80B1-01B84F0A51B6}.Debug|ARM.ActiveCfg = Debug|Any CPU
		{69C9E0A3-2657-4F0E-80B1-01B84F0A51B6}.Debug|ARM.Build.0 = Debug|Any CPU
		{69C9E0A3-2657-4F0E-80B1-01B84F0A51B6}.Debug|ARM64.ActiveCfg = Debug|Any CPU
		{69C9E0A3-2657-4F0E-80B1-01B84F0A51B6}.Debug|ARM64.Build.0 = Debug|Any CPU
		{69C9E0A3-2657-4F0E-80B1-01B84F0A51B6}.Debug|x64.ActiveCfg = Debug|Any CPU
		{69C9E0A3-2657-4F0E-80B1-01B84F0A51B6}.Debug|x64.Build.0 = Debug|Any CPU
		{69C9E0A3-2657-4F0E-80B1-01B84F0A51B6}.Debug|x86.ActiveCfg = Debug|Any CPU
		{69C9E0A3-2657-4F0E-80B1-01B84F0A51B6}.Debug|x86.Build.0 = Debug|Any CPU
		{69C9E0A3-2657-4F0E-80B1-01B84F0A51B6}.Release|Any CPU.ActiveCfg = Release|Any CPU
		{69C9E0A3-2657-4F0E-80B1-01B84F0A51B6}.Release|Any CPU.Build.0 = Release|Any CPU
		{69C9E0A3-2657-4F0E-80B1-01B84F0A51B6}.Release|ARM.ActiveCfg = Release|Any CPU
		{69C9E0A3-2657-4F0E-80B1-01B84F0A51B6}.Release|ARM.Build.0 = Release|Any CPU
		{69C9E0A3-2657-4F0E-80B1-01B84F0A51B6}.Release|ARM64.ActiveCfg = Release|Any CPU
		{69C9E0A3-2657-4F0E-80B1-01B84F0A51B6}.Release|ARM64.Build.0 = Release|Any CPU
		{69C9E0A3-2657-4F0E-80B1-01B84F0A51B6}.Release|x64.ActiveCfg = Release|Any CPU
		{69C9E0A3-2657-4F0E-80B1-01B84F0A51B6}.Release|x64.Build.0 = Release|Any CPU
		{69C9E0A3-2657-4F0E-80B1-01B84F0A51B6}.Release|x86.ActiveCfg = Release|Any CPU
		{69C9E0A3-2657-4F0E-80B1-01B84F0A51B6}.Release|x86.Build.0 = Release|Any CPU
		{F58CFD70-9BF2-4567-A789-1966BBEE40C5}.Debug|Any CPU.ActiveCfg = Debug|Any CPU
		{F58CFD70-9BF2-4567-A789-1966BBEE40C5}.Debug|Any CPU.Build.0 = Debug|Any CPU
		{F58CFD70-9BF2-4567-A789-1966BBEE40C5}.Debug|ARM.ActiveCfg = Debug|Any CPU
		{F58CFD70-9BF2-4567-A789-1966BBEE40C5}.Debug|ARM.Build.0 = Debug|Any CPU
		{F58CFD70-9BF2-4567-A789-1966BBEE40C5}.Debug|ARM64.ActiveCfg = Debug|Any CPU
		{F58CFD70-9BF2-4567-A789-1966BBEE40C5}.Debug|ARM64.Build.0 = Debug|Any CPU
		{F58CFD70-9BF2-4567-A789-1966BBEE40C5}.Debug|x64.ActiveCfg = Debug|Any CPU
		{F58CFD70-9BF2-4567-A789-1966BBEE40C5}.Debug|x64.Build.0 = Debug|Any CPU
		{F58CFD70-9BF2-4567-A789-1966BBEE40C5}.Debug|x86.ActiveCfg = Debug|Any CPU
		{F58CFD70-9BF2-4567-A789-1966BBEE40C5}.Debug|x86.Build.0 = Debug|Any CPU
		{F58CFD70-9BF2-4567-A789-1966BBEE40C5}.Release|Any CPU.ActiveCfg = Release|Any CPU
		{F58CFD70-9BF2-4567-A789-1966BBEE40C5}.Release|Any CPU.Build.0 = Release|Any CPU
		{F58CFD70-9BF2-4567-A789-1966BBEE40C5}.Release|ARM.ActiveCfg = Release|Any CPU
		{F58CFD70-9BF2-4567-A789-1966BBEE40C5}.Release|ARM.Build.0 = Release|Any CPU
		{F58CFD70-9BF2-4567-A789-1966BBEE40C5}.Release|ARM64.ActiveCfg = Release|Any CPU
		{F58CFD70-9BF2-4567-A789-1966BBEE40C5}.Release|ARM64.Build.0 = Release|Any CPU
		{F58CFD70-9BF2-4567-A789-1966BBEE40C5}.Release|x64.ActiveCfg = Release|Any CPU
		{F58CFD70-9BF2-4567-A789-1966BBEE40C5}.Release|x64.Build.0 = Release|Any CPU
		{F58CFD70-9BF2-4567-A789-1966BBEE40C5}.Release|x86.ActiveCfg = Release|Any CPU
		{F58CFD70-9BF2-4567-A789-1966BBEE40C5}.Release|x86.Build.0 = Release|Any CPU
		{9EB3C5F0-9F68-4AA9-83E2-00D5A68A960E}.Debug|Any CPU.ActiveCfg = Debug|Any CPU
		{9EB3C5F0-9F68-4AA9-83E2-00D5A68A960E}.Debug|Any CPU.Build.0 = Debug|Any CPU
		{9EB3C5F0-9F68-4AA9-83E2-00D5A68A960E}.Debug|ARM.ActiveCfg = Debug|Any CPU
		{9EB3C5F0-9F68-4AA9-83E2-00D5A68A960E}.Debug|ARM.Build.0 = Debug|Any CPU
		{9EB3C5F0-9F68-4AA9-83E2-00D5A68A960E}.Debug|ARM64.ActiveCfg = Debug|Any CPU
		{9EB3C5F0-9F68-4AA9-83E2-00D5A68A960E}.Debug|ARM64.Build.0 = Debug|Any CPU
		{9EB3C5F0-9F68-4AA9-83E2-00D5A68A960E}.Debug|x64.ActiveCfg = Debug|Any CPU
		{9EB3C5F0-9F68-4AA9-83E2-00D5A68A960E}.Debug|x64.Build.0 = Debug|Any CPU
		{9EB3C5F0-9F68-4AA9-83E2-00D5A68A960E}.Debug|x86.ActiveCfg = Debug|Any CPU
		{9EB3C5F0-9F68-4AA9-83E2-00D5A68A960E}.Debug|x86.Build.0 = Debug|Any CPU
		{9EB3C5F0-9F68-4AA9-83E2-00D5A68A960E}.Release|Any CPU.ActiveCfg = Release|Any CPU
		{9EB3C5F0-9F68-4AA9-83E2-00D5A68A960E}.Release|Any CPU.Build.0 = Release|Any CPU
		{9EB3C5F0-9F68-4AA9-83E2-00D5A68A960E}.Release|ARM.ActiveCfg = Release|Any CPU
		{9EB3C5F0-9F68-4AA9-83E2-00D5A68A960E}.Release|ARM.Build.0 = Release|Any CPU
		{9EB3C5F0-9F68-4AA9-83E2-00D5A68A960E}.Release|ARM64.ActiveCfg = Release|Any CPU
		{9EB3C5F0-9F68-4AA9-83E2-00D5A68A960E}.Release|ARM64.Build.0 = Release|Any CPU
		{9EB3C5F0-9F68-4AA9-83E2-00D5A68A960E}.Release|x64.ActiveCfg = Release|Any CPU
		{9EB3C5F0-9F68-4AA9-83E2-00D5A68A960E}.Release|x64.Build.0 = Release|Any CPU
		{9EB3C5F0-9F68-4AA9-83E2-00D5A68A960E}.Release|x86.ActiveCfg = Release|Any CPU
		{9EB3C5F0-9F68-4AA9-83E2-00D5A68A960E}.Release|x86.Build.0 = Release|Any CPU
		{650D6F23-62E2-4B4E-8D70-FDCC2E6CA508}.Debug|Any CPU.ActiveCfg = Debug|Any CPU
		{650D6F23-62E2-4B4E-8D70-FDCC2E6CA508}.Debug|Any CPU.Build.0 = Debug|Any CPU
		{650D6F23-62E2-4B4E-8D70-FDCC2E6CA508}.Debug|ARM.ActiveCfg = Debug|Any CPU
		{650D6F23-62E2-4B4E-8D70-FDCC2E6CA508}.Debug|ARM.Build.0 = Debug|Any CPU
		{650D6F23-62E2-4B4E-8D70-FDCC2E6CA508}.Debug|ARM64.ActiveCfg = Debug|Any CPU
		{650D6F23-62E2-4B4E-8D70-FDCC2E6CA508}.Debug|ARM64.Build.0 = Debug|Any CPU
		{650D6F23-62E2-4B4E-8D70-FDCC2E6CA508}.Debug|x64.ActiveCfg = Debug|Any CPU
		{650D6F23-62E2-4B4E-8D70-FDCC2E6CA508}.Debug|x64.Build.0 = Debug|Any CPU
		{650D6F23-62E2-4B4E-8D70-FDCC2E6CA508}.Debug|x86.ActiveCfg = Debug|Any CPU
		{650D6F23-62E2-4B4E-8D70-FDCC2E6CA508}.Debug|x86.Build.0 = Debug|Any CPU
		{650D6F23-62E2-4B4E-8D70-FDCC2E6CA508}.Release|Any CPU.ActiveCfg = Release|Any CPU
		{650D6F23-62E2-4B4E-8D70-FDCC2E6CA508}.Release|Any CPU.Build.0 = Release|Any CPU
		{650D6F23-62E2-4B4E-8D70-FDCC2E6CA508}.Release|ARM.ActiveCfg = Release|Any CPU
		{650D6F23-62E2-4B4E-8D70-FDCC2E6CA508}.Release|ARM.Build.0 = Release|Any CPU
		{650D6F23-62E2-4B4E-8D70-FDCC2E6CA508}.Release|ARM64.ActiveCfg = Release|Any CPU
		{650D6F23-62E2-4B4E-8D70-FDCC2E6CA508}.Release|ARM64.Build.0 = Release|Any CPU
		{650D6F23-62E2-4B4E-8D70-FDCC2E6CA508}.Release|x64.ActiveCfg = Release|Any CPU
		{650D6F23-62E2-4B4E-8D70-FDCC2E6CA508}.Release|x64.Build.0 = Release|Any CPU
		{650D6F23-62E2-4B4E-8D70-FDCC2E6CA508}.Release|x86.ActiveCfg = Release|Any CPU
		{650D6F23-62E2-4B4E-8D70-FDCC2E6CA508}.Release|x86.Build.0 = Release|Any CPU
	EndGlobalSection
	GlobalSection(SolutionProperties) = preSolution
		HideSolutionNode = FALSE
	EndGlobalSection
	GlobalSection(NestedProjects) = preSolution
		{50306123-E9AE-47D6-8A72-8FFD1742F90B} = {1F8AB0DF-CB6D-455F-904B-A2B636A0CA1E}
		{F81BB107-8C8F-4348-A1A9-C4BA8DA73689} = {50306123-E9AE-47D6-8A72-8FFD1742F90B}
		{3CDF9455-222C-4E96-A165-5388A4C4493F} = {E256E368-B44F-4295-A7C9-E0DCDAC6AECB}
		{61F39C03-BCAF-40BC-A542-F4298A584A52} = {E256E368-B44F-4295-A7C9-E0DCDAC6AECB}
		{9F76E332-27DC-475D-83B0-AA969E6104D0} = {2C61CE2E-6542-45F4-A4D6-B312C38EE71A}
		{BFE4B6DC-3DFE-4D7B-ACDC-BABB0F62E376} = {2C61CE2E-6542-45F4-A4D6-B312C38EE71A}
		{CAECC865-0D42-425A-9951-167AB9C3B401} = {2C61CE2E-6542-45F4-A4D6-B312C38EE71A}
		{18D56A87-9DA8-49E2-B713-BCF0F054687D} = {2C61CE2E-6542-45F4-A4D6-B312C38EE71A}
		{90898C18-4BAE-4031-B092-02F7DF351F44} = {2C61CE2E-6542-45F4-A4D6-B312C38EE71A}
		{7A603FEE-874A-4BBC-91B9-ED05344C9C53} = {2C61CE2E-6542-45F4-A4D6-B312C38EE71A}
		{69C9E0A3-2657-4F0E-80B1-01B84F0A51B6} = {2C61CE2E-6542-45F4-A4D6-B312C38EE71A}
		{F58CFD70-9BF2-4567-A789-1966BBEE40C5} = {2C61CE2E-6542-45F4-A4D6-B312C38EE71A}
		{9EB3C5F0-9F68-4AA9-83E2-00D5A68A960E} = {2C61CE2E-6542-45F4-A4D6-B312C38EE71A}
		{650D6F23-62E2-4B4E-8D70-FDCC2E6CA508} = {2C61CE2E-6542-45F4-A4D6-B312C38EE71A}
	EndGlobalSection
	GlobalSection(ExtensibilityGlobals) = postSolution
		SolutionGuid = {2B3B7275-38D6-4DE9-B521-1E1F4F11ACA7}
	EndGlobalSection
EndGlobal
